{
  "version": 4,
  "terraform_version": "1.3.7",
  "serial": 33,
  "lineage": "c9b98326-2bbb-b68f-0fe0-61f1a4db6a08",
  "outputs": {
    "azs": {
      "value": [
        "ap-south-1a",
        "ap-south-1b",
        "ap-south-1c"
      ],
      "type": [
        "list",
        "string"
      ]
    },
    "cluster_arn": {
      "value": "arn:aws:eks:ap-south-1:330190193859:cluster/test-ekstest",
      "type": "string"
    },
    "cluster_certificate_authority_data": {
      "value": "LS0tLS1CRUdJTiBDRVJUSUZJQ0FURS0tLS0tCk1JSUMvakNDQWVhZ0F3SUJBZ0lCQURBTkJna3Foa2lHOXcwQkFRc0ZBREFWTVJNd0VRWURWUVFERXdwcmRXSmwKY201bGRHVnpNQjRYRFRJek1ESXdNVEE1TURjeE5Gb1hEVE16TURFeU9UQTVNRGN4TkZvd0ZURVRNQkVHQTFVRQpBeE1LYTNWaVpYSnVaWFJsY3pDQ0FTSXdEUVlKS29aSWh2Y05BUUVCQlFBRGdnRVBBRENDQVFvQ2dnRUJBT01wCkhJcXd5Q1ZaQ3BhVjQ2b1hzQm9lMlJxTzVMdFB5WDFqb2JQcS9YTzd6cVJVaEZhQk1BSUFNeUVHazBLY245eUwKMlJQaFlJajM2NjhYanBsa0tlU2t3UVpoeG4veWo4SjVhQTh5UUI3dm14b3c3a0U3cjB2MXJ5TjdBSWhLWnJiTApSNlo4MWVRN3l3YlBhVHpVZUxZeEdLWStJVUl1c05JcjVGeitvNDNZdWk2UjZ1MnpjQ2NheUlIZExCOGhUbFp6Cjd2QzcyWncxRTZ2Snc4OXZwd2VxeU1GL0RpSCtHWDl6cVdiYW1lMG9td25qVjFwQ1hMUHFNRUVpMmRrV0djQ0oKemNtZkp5cWhLSENvQmE1eWJjeVQwK0psMHhMdmVUTVAyOVhhaEg4L3RoUi9QQVB0N0ZvWkZ4cHBib2YrV3E3NgpNYUZCS0twRi9Ud0pKd3E4NUxNQ0F3RUFBYU5aTUZjd0RnWURWUjBQQVFIL0JBUURBZ0trTUE4R0ExVWRFd0VCCi93UUZNQU1CQWY4d0hRWURWUjBPQkJZRUZKQ1IyNEViUkVRR1lXeFBtbW9lcjJnTGVOdUpNQlVHQTFVZEVRUU8KTUF5Q0NtdDFZbVZ5Ym1WMFpYTXdEUVlKS29aSWh2Y05BUUVMQlFBRGdnRUJBQndmak1peDcvc1VOenpXbTI4aApUN1BtR2tJYVNtOFNjbERJbDl0UXlnY2dIcmt0dk5QTkpXSTZUM2NQS2RqRjlXVGppamYyNGxnd21GenQrVnFXClRvMTJhYzlQSEZsVFQxeXl5dmdmd1c4Z2lLc25IME9BaTBnMVQ5WXpkWk1OeVpNYWlTTU9HbG0ycTFMQmxVQ2YKenhvR09aOGFhTmxWMzJvYzVMVW55MmY0eWxvWnpIRHFIQ2VPL01UVXFOaVlYalQ1Wk84d0Z5RW90VHBnaWI5RApsNUlVbGNzWmVCbm1XOWw1bFd5RGJzQjVzQS9pbG1wdFA2YXd2cVloQUl4eTc1SnNRZHkyYTZjUUZ4TmNsL1VwCnMxZTNydzA1TzUwM0N2ZHpQc0s5RjVsb1RoNkVVWUlJVjZnVXg4ZUlVSVh3cmEvbGgwbkZIcVRObjZHMW1xUGcKckFBPQotLS0tLUVORCBDRVJUSUZJQ0FURS0tLS0tCg==",
      "type": "string"
    },
    "cluster_endpoint": {
      "value": "https://EA04F0210CB46D069DCD4EC60A6E8C28.gr7.ap-south-1.eks.amazonaws.com",
      "type": "string"
    },
    "cluster_iam_role_arn": {
      "value": "arn:aws:iam::330190193859:role/test-eks-master-role",
      "type": "string"
    },
    "cluster_iam_role_name": {
      "value": "test-eks-master-role",
      "type": "string"
    },
    "cluster_id": {
      "value": "test-ekstest",
      "type": "string"
    },
    "cluster_oidc_issuer_url": {
      "value": "https://oidc.eks.ap-south-1.amazonaws.com/id/EA04F0210CB46D069DCD4EC60A6E8C28",
      "type": "string"
    },
    "cluster_primary_security_group_id": {
      "value": "sg-0c084fa02096fd329",
      "type": "string"
    },
    "cluster_version": {
      "value": "1.22",
      "type": "string"
    },
    "nat_public_ips": {
      "value": [
        "3.6.5.172"
      ],
      "type": [
        "list",
        "string"
      ]
    },
    "node_group_private_arn": {
      "value": "arn:aws:eks:ap-south-1:330190193859:nodegroup/test-ekstest/test-eks-ng-private/cac3061f-7d76-c86b-2104-20b37b5af997",
      "type": "string"
    },
    "node_group_private_id": {
      "value": "test-ekstest:test-eks-ng-private",
      "type": "string"
    },
    "node_group_private_status": {
      "value": "ACTIVE",
      "type": "string"
    },
    "node_group_private_version": {
      "value": "1.22",
      "type": "string"
    },
    "node_group_public_arn": {
      "value": "arn:aws:eks:ap-south-1:330190193859:nodegroup/test-ekstest/test-eks-ng-public/94c3061f-7d6e-2f05-a4ac-3f507641a7e8",
      "type": "string"
    },
    "node_group_public_id": {
      "value": "test-ekstest:test-eks-ng-public",
      "type": "string"
    },
    "node_group_public_status": {
      "value": "ACTIVE",
      "type": "string"
    },
    "node_group_public_version": {
      "value": "1.22",
      "type": "string"
    },
    "private_subnets": {
      "value": [
        "subnet-0ebb5044619290578",
        "subnet-0dd0808cacc8bec5a"
      ],
      "type": [
        "tuple",
        [
          "string",
          "string"
        ]
      ]
    },
    "public_subnets": {
      "value": [
        "subnet-0d04def958b2c59b0",
        "subnet-0320063b0e8eb8175"
      ],
      "type": [
        "tuple",
        [
          "string",
          "string"
        ]
      ]
    },
    "vpc_cidr_block": {
      "value": "10.0.0.0/16",
      "type": "string"
    },
    "vpc_id": {
      "value": "vpc-0135646670c9daaec",
      "type": "string"
    }
  },
  "resources": [
    {
      "mode": "data",
      "type": "aws_availability_zones",
      "name": "available",
      "provider": "provider[\"registry.terraform.io/hashicorp/aws\"]",
      "instances": [
        {
          "schema_version": 0,
          "attributes": {
            "all_availability_zones": null,
            "exclude_names": null,
            "exclude_zone_ids": null,
            "filter": null,
            "group_names": [
              "ap-south-1"
            ],
            "id": "ap-south-1",
            "names": [
              "ap-south-1a",
              "ap-south-1b",
              "ap-south-1c"
            ],
            "state": null,
            "timeouts": null,
            "zone_ids": [
              "aps1-az1",
              "aps1-az3",
              "aps1-az2"
            ]
          },
          "sensitive_attributes": []
        }
      ]
    },
    {
      "mode": "managed",
      "type": "aws_eks_cluster",
      "name": "eks_cluster",
      "provider": "provider[\"registry.terraform.io/hashicorp/aws\"]",
      "instances": [
        {
          "schema_version": 0,
          "attributes": {
            "arn": "arn:aws:eks:ap-south-1:330190193859:cluster/test-ekstest",
            "certificate_authority": [
              {
                "data": "LS0tLS1CRUdJTiBDRVJUSUZJQ0FURS0tLS0tCk1JSUMvakNDQWVhZ0F3SUJBZ0lCQURBTkJna3Foa2lHOXcwQkFRc0ZBREFWTVJNd0VRWURWUVFERXdwcmRXSmwKY201bGRHVnpNQjRYRFRJek1ESXdNVEE1TURjeE5Gb1hEVE16TURFeU9UQTVNRGN4TkZvd0ZURVRNQkVHQTFVRQpBeE1LYTNWaVpYSnVaWFJsY3pDQ0FTSXdEUVlKS29aSWh2Y05BUUVCQlFBRGdnRVBBRENDQVFvQ2dnRUJBT01wCkhJcXd5Q1ZaQ3BhVjQ2b1hzQm9lMlJxTzVMdFB5WDFqb2JQcS9YTzd6cVJVaEZhQk1BSUFNeUVHazBLY245eUwKMlJQaFlJajM2NjhYanBsa0tlU2t3UVpoeG4veWo4SjVhQTh5UUI3dm14b3c3a0U3cjB2MXJ5TjdBSWhLWnJiTApSNlo4MWVRN3l3YlBhVHpVZUxZeEdLWStJVUl1c05JcjVGeitvNDNZdWk2UjZ1MnpjQ2NheUlIZExCOGhUbFp6Cjd2QzcyWncxRTZ2Snc4OXZwd2VxeU1GL0RpSCtHWDl6cVdiYW1lMG9td25qVjFwQ1hMUHFNRUVpMmRrV0djQ0oKemNtZkp5cWhLSENvQmE1eWJjeVQwK0psMHhMdmVUTVAyOVhhaEg4L3RoUi9QQVB0N0ZvWkZ4cHBib2YrV3E3NgpNYUZCS0twRi9Ud0pKd3E4NUxNQ0F3RUFBYU5aTUZjd0RnWURWUjBQQVFIL0JBUURBZ0trTUE4R0ExVWRFd0VCCi93UUZNQU1CQWY4d0hRWURWUjBPQkJZRUZKQ1IyNEViUkVRR1lXeFBtbW9lcjJnTGVOdUpNQlVHQTFVZEVRUU8KTUF5Q0NtdDFZbVZ5Ym1WMFpYTXdEUVlKS29aSWh2Y05BUUVMQlFBRGdnRUJBQndmak1peDcvc1VOenpXbTI4aApUN1BtR2tJYVNtOFNjbERJbDl0UXlnY2dIcmt0dk5QTkpXSTZUM2NQS2RqRjlXVGppamYyNGxnd21GenQrVnFXClRvMTJhYzlQSEZsVFQxeXl5dmdmd1c4Z2lLc25IME9BaTBnMVQ5WXpkWk1OeVpNYWlTTU9HbG0ycTFMQmxVQ2YKenhvR09aOGFhTmxWMzJvYzVMVW55MmY0eWxvWnpIRHFIQ2VPL01UVXFOaVlYalQ1Wk84d0Z5RW90VHBnaWI5RApsNUlVbGNzWmVCbm1XOWw1bFd5RGJzQjVzQS9pbG1wdFA2YXd2cVloQUl4eTc1SnNRZHkyYTZjUUZ4TmNsL1VwCnMxZTNydzA1TzUwM0N2ZHpQc0s5RjVsb1RoNkVVWUlJVjZnVXg4ZUlVSVh3cmEvbGgwbkZIcVRObjZHMW1xUGcKckFBPQotLS0tLUVORCBDRVJUSUZJQ0FURS0tLS0tCg=="
              }
            ],
            "cluster_id": null,
            "created_at": "2023-02-01 09:02:31.452 +0000 UTC",
            "enabled_cluster_log_types": [
              "api",
              "audit",
              "authenticator",
              "controllerManager",
              "scheduler"
            ],
            "encryption_config": [],
            "endpoint": "https://EA04F0210CB46D069DCD4EC60A6E8C28.gr7.ap-south-1.eks.amazonaws.com",
            "id": "test-ekstest",
            "identity": [
              {
                "oidc": [
                  {
                    "issuer": "https://oidc.eks.ap-south-1.amazonaws.com/id/EA04F0210CB46D069DCD4EC60A6E8C28"
                  }
                ]
              }
            ],
            "kubernetes_network_config": [
              {
                "ip_family": "ipv4",
                "service_ipv4_cidr": "172.20.0.0/16",
                "service_ipv6_cidr": ""
              }
            ],
            "name": "test-ekstest",
            "outpost_config": [],
            "platform_version": "eks.10",
            "role_arn": "arn:aws:iam::330190193859:role/test-eks-master-role",
            "status": "ACTIVE",
            "tags": null,
            "tags_all": {},
            "timeouts": null,
            "version": "1.22",
            "vpc_config": [
              {
                "cluster_security_group_id": "sg-0c084fa02096fd329",
                "endpoint_private_access": false,
                "endpoint_public_access": true,
                "public_access_cidrs": [
                  "0.0.0.0/0"
                ],
                "security_group_ids": null,
                "subnet_ids": [
                  "subnet-0320063b0e8eb8175",
                  "subnet-0d04def958b2c59b0"
                ],
                "vpc_id": "vpc-0135646670c9daaec"
              }
            ]
          },
          "sensitive_attributes": [],
          "private": "eyJlMmJmYjczMC1lY2FhLTExZTYtOGY4OC0zNDM2M2JjN2M0YzAiOnsiY3JlYXRlIjoxODAwMDAwMDAwMDAwLCJkZWxldGUiOjkwMDAwMDAwMDAwMCwidXBkYXRlIjozNjAwMDAwMDAwMDAwfX0=",
          "dependencies": [
            "aws_iam_role.eks_master_role",
            "aws_iam_role_policy_attachment.eks-AmazonEKSClusterPolicy",
            "aws_iam_role_policy_attachment.eks-AmazonEKSVPCResourceController",
            "data.aws_availability_zones.available",
            "module.vpc.aws_subnet.public",
            "module.vpc.aws_vpc.this",
            "module.vpc.aws_vpc_ipv4_cidr_block_association.this"
          ]
        }
      ]
    },
    {
      "mode": "managed",
      "type": "aws_eks_node_group",
      "name": "eks_ng_private",
      "provider": "provider[\"registry.terraform.io/hashicorp/aws\"]",
      "instances": [
        {
          "schema_version": 0,
          "attributes": {
            "ami_type": "AL2_x86_64",
            "arn": "arn:aws:eks:ap-south-1:330190193859:nodegroup/test-ekstest/test-eks-ng-private/cac3061f-7d76-c86b-2104-20b37b5af997",
            "capacity_type": "ON_DEMAND",
            "cluster_name": "test-ekstest",
            "disk_size": 20,
            "force_update_version": null,
            "id": "test-ekstest:test-eks-ng-private",
            "instance_types": [
              "t2.micro"
            ],
            "labels": null,
            "launch_template": [],
            "node_group_name": "test-eks-ng-private",
            "node_group_name_prefix": "",
            "node_role_arn": "arn:aws:iam::330190193859:role/test-eks-nodegroup-role",
            "release_version": "1.22.15-20230105",
            "remote_access": [
              {
                "ec2_ssh_key": "new",
                "source_security_group_ids": null
              }
            ],
            "resources": [
              {
                "autoscaling_groups": [
                  {
                    "name": "eks-test-eks-ng-private-cac3061f-7d76-c86b-2104-20b37b5af997"
                  }
                ],
                "remote_access_security_group_id": "sg-00655ba76054f10c6"
              }
            ],
            "scaling_config": [
              {
                "desired_size": 1,
                "max_size": 2,
                "min_size": 1
              }
            ],
            "status": "ACTIVE",
            "subnet_ids": [
              "subnet-0dd0808cacc8bec5a",
              "subnet-0ebb5044619290578"
            ],
            "tags": {
              "Name": "Private-Node-Group"
            },
            "tags_all": {
              "Name": "Private-Node-Group"
            },
            "taint": [],
            "timeouts": null,
            "update_config": [
              {
                "max_unavailable": 1,
                "max_unavailable_percentage": 0
              }
            ],
            "version": "1.22"
          },
          "sensitive_attributes": [],
          "private": "eyJlMmJmYjczMC1lY2FhLTExZTYtOGY4OC0zNDM2M2JjN2M0YzAiOnsiY3JlYXRlIjozNjAwMDAwMDAwMDAwLCJkZWxldGUiOjM2MDAwMDAwMDAwMDAsInVwZGF0ZSI6MzYwMDAwMDAwMDAwMH19",
          "dependencies": [
            "aws_eks_cluster.eks_cluster",
            "aws_iam_role.eks_master_role",
            "aws_iam_role.eks_nodegroup_role",
            "aws_iam_role_policy_attachment.eks-AmazonEC2ContainerRegistryReadOnly",
            "aws_iam_role_policy_attachment.eks-AmazonEKSClusterPolicy",
            "aws_iam_role_policy_attachment.eks-AmazonEKSVPCResourceController",
            "aws_iam_role_policy_attachment.eks-AmazonEKSWorkerNodePolicy",
            "aws_iam_role_policy_attachment.eks-AmazonEKS_CNI_Policy",
            "data.aws_availability_zones.available",
            "module.vpc.aws_subnet.private",
            "module.vpc.aws_subnet.public",
            "module.vpc.aws_vpc.this",
            "module.vpc.aws_vpc_ipv4_cidr_block_association.this"
          ]
        }
      ]
    },
    {
      "mode": "managed",
      "type": "aws_eks_node_group",
      "name": "eks_ng_public",
      "provider": "provider[\"registry.terraform.io/hashicorp/aws\"]",
      "instances": [
        {
          "schema_version": 0,
          "attributes": {
            "ami_type": "AL2_x86_64",
            "arn": "arn:aws:eks:ap-south-1:330190193859:nodegroup/test-ekstest/test-eks-ng-public/94c3061f-7d6e-2f05-a4ac-3f507641a7e8",
            "capacity_type": "ON_DEMAND",
            "cluster_name": "test-ekstest",
            "disk_size": 20,
            "force_update_version": null,
            "id": "test-ekstest:test-eks-ng-public",
            "instance_types": [
              "t2.medium"
            ],
            "labels": null,
            "launch_template": [],
            "node_group_name": "test-eks-ng-public",
            "node_group_name_prefix": "",
            "node_role_arn": "arn:aws:iam::330190193859:role/test-eks-nodegroup-role",
            "release_version": "1.22.15-20230105",
            "remote_access": [],
            "resources": [
              {
                "autoscaling_groups": [
                  {
                    "name": "eks-test-eks-ng-public-94c3061f-7d6e-2f05-a4ac-3f507641a7e8"
                  }
                ],
                "remote_access_security_group_id": ""
              }
            ],
            "scaling_config": [
              {
                "desired_size": 1,
                "max_size": 2,
                "min_size": 1
              }
            ],
            "status": "ACTIVE",
            "subnet_ids": [
              "subnet-0320063b0e8eb8175",
              "subnet-0d04def958b2c59b0"
            ],
            "tags": {
              "Name": "Public-Node-Group"
            },
            "tags_all": {
              "Name": "Public-Node-Group"
            },
            "taint": [],
            "timeouts": null,
            "update_config": [
              {
                "max_unavailable": 1,
                "max_unavailable_percentage": 0
              }
            ],
            "version": "1.22"
          },
          "sensitive_attributes": [],
          "private": "eyJlMmJmYjczMC1lY2FhLTExZTYtOGY4OC0zNDM2M2JjN2M0YzAiOnsiY3JlYXRlIjozNjAwMDAwMDAwMDAwLCJkZWxldGUiOjM2MDAwMDAwMDAwMDAsInVwZGF0ZSI6MzYwMDAwMDAwMDAwMH19",
          "dependencies": [
            "aws_eks_cluster.eks_cluster",
            "aws_iam_role.eks_master_role",
            "aws_iam_role.eks_nodegroup_role",
            "aws_iam_role_policy_attachment.eks-AmazonEC2ContainerRegistryReadOnly",
            "aws_iam_role_policy_attachment.eks-AmazonEKSClusterPolicy",
            "aws_iam_role_policy_attachment.eks-AmazonEKSVPCResourceController",
            "aws_iam_role_policy_attachment.eks-AmazonEKSWorkerNodePolicy",
            "aws_iam_role_policy_attachment.eks-AmazonEKS_CNI_Policy",
            "data.aws_availability_zones.available",
            "module.vpc.aws_subnet.public",
            "module.vpc.aws_vpc.this",
            "module.vpc.aws_vpc_ipv4_cidr_block_association.this"
          ]
        }
      ]
    },
    {
      "mode": "managed",
      "type": "aws_iam_role",
      "name": "eks_master_role",
      "provider": "provider[\"registry.terraform.io/hashicorp/aws\"]",
      "instances": [
        {
          "schema_version": 0,
          "attributes": {
            "arn": "arn:aws:iam::330190193859:role/test-eks-master-role",
            "assume_role_policy": "{\"Statement\":[{\"Action\":\"sts:AssumeRole\",\"Effect\":\"Allow\",\"Principal\":{\"Service\":\"eks.amazonaws.com\"}}],\"Version\":\"2012-10-17\"}",
            "create_date": "2023-02-01T09:02:08Z",
            "description": "",
            "force_detach_policies": false,
            "id": "test-eks-master-role",
            "inline_policy": [],
            "managed_policy_arns": [],
            "max_session_duration": 3600,
            "name": "test-eks-master-role",
            "name_prefix": "",
            "path": "/",
            "permissions_boundary": null,
            "tags": null,
            "tags_all": {},
            "unique_id": "AROAUZYG6QTBXZTH4H3HM"
          },
          "sensitive_attributes": [],
          "private": "bnVsbA=="
        }
      ]
    },
    {
      "mode": "managed",
      "type": "aws_iam_role",
      "name": "eks_nodegroup_role",
      "provider": "provider[\"registry.terraform.io/hashicorp/aws\"]",
      "instances": [
        {
          "schema_version": 0,
          "attributes": {
            "arn": "arn:aws:iam::330190193859:role/test-eks-nodegroup-role",
            "assume_role_policy": "{\"Statement\":[{\"Action\":\"sts:AssumeRole\",\"Effect\":\"Allow\",\"Principal\":{\"Service\":\"ec2.amazonaws.com\"}}],\"Version\":\"2012-10-17\"}",
            "create_date": "2023-02-01T09:02:08Z",
            "description": "",
            "force_detach_policies": false,
            "id": "test-eks-nodegroup-role",
            "inline_policy": [],
            "managed_policy_arns": [],
            "max_session_duration": 3600,
            "name": "test-eks-nodegroup-role",
            "name_prefix": "",
            "path": "/",
            "permissions_boundary": null,
            "tags": null,
            "tags_all": {},
            "unique_id": "AROAUZYG6QTB2M5A4H5JO"
          },
          "sensitive_attributes": [],
          "private": "bnVsbA=="
        }
      ]
    },
    {
      "mode": "managed",
      "type": "aws_iam_role_policy_attachment",
      "name": "eks-AmazonEC2ContainerRegistryReadOnly",
      "provider": "provider[\"registry.terraform.io/hashicorp/aws\"]",
      "instances": [
        {
          "schema_version": 0,
          "attributes": {
            "id": "test-eks-nodegroup-role-20230201090210496300000004",
            "policy_arn": "arn:aws:iam::aws:policy/AmazonEC2ContainerRegistryReadOnly",
            "role": "test-eks-nodegroup-role"
          },
          "sensitive_attributes": [],
          "private": "bnVsbA==",
          "dependencies": [
            "aws_iam_role.eks_nodegroup_role"
          ]
        }
      ]
    },
    {
      "mode": "managed",
      "type": "aws_iam_role_policy_attachment",
      "name": "eks-AmazonEKSClusterPolicy",
      "provider": "provider[\"registry.terraform.io/hashicorp/aws\"]",
      "instances": [
        {
          "schema_version": 0,
          "attributes": {
            "id": "test-eks-master-role-20230201090210259700000001",
            "policy_arn": "arn:aws:iam::aws:policy/AmazonEKSClusterPolicy",
            "role": "test-eks-master-role"
          },
          "sensitive_attributes": [],
          "private": "bnVsbA==",
          "dependencies": [
            "aws_iam_role.eks_master_role"
          ]
        }
      ]
    },
    {
      "mode": "managed",
      "type": "aws_iam_role_policy_attachment",
      "name": "eks-AmazonEKSVPCResourceController",
      "provider": "provider[\"registry.terraform.io/hashicorp/aws\"]",
      "instances": [
        {
          "schema_version": 0,
          "attributes": {
            "id": "test-eks-master-role-20230201090210262600000002",
            "policy_arn": "arn:aws:iam::aws:policy/AmazonEKSVPCResourceController",
            "role": "test-eks-master-role"
          },
          "sensitive_attributes": [],
          "private": "bnVsbA==",
          "dependencies": [
            "aws_iam_role.eks_master_role"
          ]
        }
      ]
    },
    {
      "mode": "managed",
      "type": "aws_iam_role_policy_attachment",
      "name": "eks-AmazonEKSWorkerNodePolicy",
      "provider": "provider[\"registry.terraform.io/hashicorp/aws\"]",
      "instances": [
        {
          "schema_version": 0,
          "attributes": {
            "id": "test-eks-nodegroup-role-20230201090210715800000005",
            "policy_arn": "arn:aws:iam::aws:policy/AmazonEKSWorkerNodePolicy",
            "role": "test-eks-nodegroup-role"
          },
          "sensitive_attributes": [],
          "private": "bnVsbA==",
          "dependencies": [
            "aws_iam_role.eks_nodegroup_role"
          ]
        }
      ]
    },
    {
      "mode": "managed",
      "type": "aws_iam_role_policy_attachment",
      "name": "eks-AmazonEKS_CNI_Policy",
      "provider": "provider[\"registry.terraform.io/hashicorp/aws\"]",
      "instances": [
        {
          "schema_version": 0,
          "attributes": {
            "id": "test-eks-nodegroup-role-20230201090210490800000003",
            "policy_arn": "arn:aws:iam::aws:policy/AmazonEKS_CNI_Policy",
            "role": "test-eks-nodegroup-role"
          },
          "sensitive_attributes": [],
          "private": "bnVsbA==",
          "dependencies": [
            "aws_iam_role.eks_nodegroup_role"
          ]
        }
      ]
    },
    {
      "module": "module.vpc",
      "mode": "managed",
      "type": "aws_db_subnet_group",
      "name": "database",
      "provider": "provider[\"registry.terraform.io/hashicorp/aws\"]",
      "instances": [
        {
          "index_key": 0,
          "schema_version": 0,
          "attributes": {
            "arn": "arn:aws:rds:ap-south-1:330190193859:subgrp:test-ekstest",
            "description": "Database subnet group for test-ekstest",
            "id": "test-ekstest",
            "name": "test-ekstest",
            "name_prefix": "",
            "subnet_ids": [
              "subnet-0441ab1a1deaf159f",
              "subnet-0eaa32f8b88648e1e"
            ],
            "supported_network_types": [
              "IPV4"
            ],
            "tags": {
              "Name": "test-ekstest",
              "environment": "test"
            },
            "tags_all": {
              "Name": "test-ekstest",
              "environment": "test"
            }
          },
          "sensitive_attributes": [],
          "private": "bnVsbA==",
          "dependencies": [
            "data.aws_availability_zones.available",
            "module.vpc.aws_subnet.database",
            "module.vpc.aws_vpc.this",
            "module.vpc.aws_vpc_ipv4_cidr_block_association.this"
          ]
        }
      ]
    },
    {
      "module": "module.vpc",
      "mode": "managed",
      "type": "aws_eip",
      "name": "nat",
      "provider": "provider[\"registry.terraform.io/hashicorp/aws\"]",
      "instances": [
        {
          "index_key": 0,
          "schema_version": 0,
          "attributes": {
            "address": null,
            "allocation_id": "eipalloc-05bac7ac6080128ec",
            "associate_with_private_ip": null,
            "association_id": "",
            "carrier_ip": "",
            "customer_owned_ip": "",
            "customer_owned_ipv4_pool": "",
            "domain": "vpc",
            "id": "eipalloc-05bac7ac6080128ec",
            "instance": "",
            "network_border_group": "ap-south-1",
            "network_interface": "",
            "private_dns": null,
            "private_ip": "",
            "public_dns": "ec2-3-6-5-172.ap-south-1.compute.amazonaws.com",
            "public_ip": "3.6.5.172",
            "public_ipv4_pool": "amazon",
            "tags": {
              "Name": "test-ekstest-ap-south-1a",
              "environment": "test"
            },
            "tags_all": {
              "Name": "test-ekstest-ap-south-1a",
              "environment": "test"
            },
            "timeouts": null,
            "vpc": true
          },
          "sensitive_attributes": [],
          "private": "eyJlMmJmYjczMC1lY2FhLTExZTYtOGY4OC0zNDM2M2JjN2M0YzAiOnsiZGVsZXRlIjoxODAwMDAwMDAwMDAsInJlYWQiOjkwMDAwMDAwMDAwMCwidXBkYXRlIjozMDAwMDAwMDAwMDB9fQ==",
          "dependencies": [
            "data.aws_availability_zones.available"
          ]
        }
      ]
    },
    {
      "module": "module.vpc",
      "mode": "managed",
      "type": "aws_internet_gateway",
      "name": "this",
      "provider": "provider[\"registry.terraform.io/hashicorp/aws\"]",
      "instances": [
        {
          "index_key": 0,
          "schema_version": 0,
          "attributes": {
            "arn": "arn:aws:ec2:ap-south-1:330190193859:internet-gateway/igw-0f0cd43521ede7002",
            "id": "igw-0f0cd43521ede7002",
            "owner_id": "330190193859",
            "tags": {
              "Name": "test-ekstest",
              "environment": "test"
            },
            "tags_all": {
              "Name": "test-ekstest",
              "environment": "test"
            },
            "timeouts": null,
            "vpc_id": "vpc-0135646670c9daaec"
          },
          "sensitive_attributes": [],
          "private": "eyJlMmJmYjczMC1lY2FhLTExZTYtOGY4OC0zNDM2M2JjN2M0YzAiOnsiY3JlYXRlIjoxMjAwMDAwMDAwMDAwLCJkZWxldGUiOjEyMDAwMDAwMDAwMDAsInVwZGF0ZSI6MTIwMDAwMDAwMDAwMH19",
          "dependencies": [
            "module.vpc.aws_vpc.this",
            "module.vpc.aws_vpc_ipv4_cidr_block_association.this"
          ]
        }
      ]
    },
    {
      "module": "module.vpc",
      "mode": "managed",
      "type": "aws_nat_gateway",
      "name": "this",
      "provider": "provider[\"registry.terraform.io/hashicorp/aws\"]",
      "instances": [
        {
          "index_key": 0,
          "schema_version": 0,
          "attributes": {
            "allocation_id": "eipalloc-05bac7ac6080128ec",
            "connectivity_type": "public",
            "id": "nat-099057d9c1a86069a",
            "network_interface_id": "eni-0c9dc694ba5f879ff",
            "private_ip": "10.0.101.64",
            "public_ip": "3.6.5.172",
            "subnet_id": "subnet-0d04def958b2c59b0",
            "tags": {
              "Name": "test-ekstest-ap-south-1a",
              "environment": "test"
            },
            "tags_all": {
              "Name": "test-ekstest-ap-south-1a",
              "environment": "test"
            }
          },
          "sensitive_attributes": [],
          "private": "bnVsbA==",
          "dependencies": [
            "data.aws_availability_zones.available",
            "module.vpc.aws_eip.nat",
            "module.vpc.aws_internet_gateway.this",
            "module.vpc.aws_subnet.public",
            "module.vpc.aws_vpc.this",
            "module.vpc.aws_vpc_ipv4_cidr_block_association.this"
          ]
        }
      ]
    },
    {
      "module": "module.vpc",
      "mode": "managed",
      "type": "aws_route",
      "name": "private_nat_gateway",
      "provider": "provider[\"registry.terraform.io/hashicorp/aws\"]",
      "instances": [
        {
          "index_key": 0,
          "schema_version": 0,
          "attributes": {
            "carrier_gateway_id": "",
            "core_network_arn": "",
            "destination_cidr_block": "0.0.0.0/0",
            "destination_ipv6_cidr_block": "",
            "destination_prefix_list_id": "",
            "egress_only_gateway_id": "",
            "gateway_id": "",
            "id": "r-rtb-0a912e0173ef2567c1080289494",
            "instance_id": "",
            "instance_owner_id": "",
            "local_gateway_id": "",
            "nat_gateway_id": "nat-099057d9c1a86069a",
            "network_interface_id": "",
            "origin": "CreateRoute",
            "route_table_id": "rtb-0a912e0173ef2567c",
            "state": "active",
            "timeouts": {
              "create": "5m",
              "delete": null,
              "update": null
            },
            "transit_gateway_id": "",
            "vpc_endpoint_id": "",
            "vpc_peering_connection_id": ""
          },
          "sensitive_attributes": [],
          "private": "eyJlMmJmYjczMC1lY2FhLTExZTYtOGY4OC0zNDM2M2JjN2M0YzAiOnsiY3JlYXRlIjozMDAwMDAwMDAwMDAsImRlbGV0ZSI6MzAwMDAwMDAwMDAwLCJ1cGRhdGUiOjEyMDAwMDAwMDAwMH19",
          "dependencies": [
            "data.aws_availability_zones.available",
            "module.vpc.aws_eip.nat",
            "module.vpc.aws_internet_gateway.this",
            "module.vpc.aws_nat_gateway.this",
            "module.vpc.aws_route_table.private",
            "module.vpc.aws_subnet.public",
            "module.vpc.aws_vpc.this",
            "module.vpc.aws_vpc_ipv4_cidr_block_association.this"
          ]
        }
      ]
    },
    {
      "module": "module.vpc",
      "mode": "managed",
      "type": "aws_route",
      "name": "public_internet_gateway",
      "provider": "provider[\"registry.terraform.io/hashicorp/aws\"]",
      "instances": [
        {
          "index_key": 0,
          "schema_version": 0,
          "attributes": {
            "carrier_gateway_id": "",
            "core_network_arn": "",
            "destination_cidr_block": "0.0.0.0/0",
            "destination_ipv6_cidr_block": "",
            "destination_prefix_list_id": "",
            "egress_only_gateway_id": "",
            "gateway_id": "igw-0f0cd43521ede7002",
            "id": "r-rtb-0d240c924ebbfa7611080289494",
            "instance_id": "",
            "instance_owner_id": "",
            "local_gateway_id": "",
            "nat_gateway_id": "",
            "network_interface_id": "",
            "origin": "CreateRoute",
            "route_table_id": "rtb-0d240c924ebbfa761",
            "state": "active",
            "timeouts": {
              "create": "5m",
              "delete": null,
              "update": null
            },
            "transit_gateway_id": "",
            "vpc_endpoint_id": "",
            "vpc_peering_connection_id": ""
          },
          "sensitive_attributes": [],
          "private": "eyJlMmJmYjczMC1lY2FhLTExZTYtOGY4OC0zNDM2M2JjN2M0YzAiOnsiY3JlYXRlIjozMDAwMDAwMDAwMDAsImRlbGV0ZSI6MzAwMDAwMDAwMDAwLCJ1cGRhdGUiOjEyMDAwMDAwMDAwMH19",
          "dependencies": [
            "module.vpc.aws_internet_gateway.this",
            "module.vpc.aws_route_table.public",
            "module.vpc.aws_vpc.this",
            "module.vpc.aws_vpc_ipv4_cidr_block_association.this"
          ]
        }
      ]
    },
    {
      "module": "module.vpc",
      "mode": "managed",
      "type": "aws_route_table",
      "name": "database",
      "provider": "provider[\"registry.terraform.io/hashicorp/aws\"]",
      "instances": [
        {
          "index_key": 0,
          "schema_version": 0,
          "attributes": {
            "arn": "arn:aws:ec2:ap-south-1:330190193859:route-table/rtb-0a02bc291da12aea4",
            "id": "rtb-0a02bc291da12aea4",
            "owner_id": "330190193859",
            "propagating_vgws": [],
            "route": [],
            "tags": {
              "Name": "test-ekstest-db",
              "environment": "test"
            },
            "tags_all": {
              "Name": "test-ekstest-db",
              "environment": "test"
            },
            "timeouts": null,
            "vpc_id": "vpc-0135646670c9daaec"
          },
          "sensitive_attributes": [],
          "private": "eyJlMmJmYjczMC1lY2FhLTExZTYtOGY4OC0zNDM2M2JjN2M0YzAiOnsiY3JlYXRlIjozMDAwMDAwMDAwMDAsImRlbGV0ZSI6MzAwMDAwMDAwMDAwLCJ1cGRhdGUiOjEyMDAwMDAwMDAwMH19",
          "dependencies": [
            "data.aws_availability_zones.available",
            "module.vpc.aws_vpc.this",
            "module.vpc.aws_vpc_ipv4_cidr_block_association.this"
          ]
        }
      ]
    },
    {
      "module": "module.vpc",
      "mode": "managed",
      "type": "aws_route_table",
      "name": "private",
      "provider": "provider[\"registry.terraform.io/hashicorp/aws\"]",
      "instances": [
        {
          "index_key": 0,
          "schema_version": 0,
          "attributes": {
            "arn": "arn:aws:ec2:ap-south-1:330190193859:route-table/rtb-0a912e0173ef2567c",
            "id": "rtb-0a912e0173ef2567c",
            "owner_id": "330190193859",
            "propagating_vgws": [],
            "route": [],
            "tags": {
              "Name": "test-ekstest-private",
              "environment": "test"
            },
            "tags_all": {
              "Name": "test-ekstest-private",
              "environment": "test"
            },
            "timeouts": null,
            "vpc_id": "vpc-0135646670c9daaec"
          },
          "sensitive_attributes": [],
          "private": "eyJlMmJmYjczMC1lY2FhLTExZTYtOGY4OC0zNDM2M2JjN2M0YzAiOnsiY3JlYXRlIjozMDAwMDAwMDAwMDAsImRlbGV0ZSI6MzAwMDAwMDAwMDAwLCJ1cGRhdGUiOjEyMDAwMDAwMDAwMH19",
          "dependencies": [
            "data.aws_availability_zones.available",
            "module.vpc.aws_vpc.this",
            "module.vpc.aws_vpc_ipv4_cidr_block_association.this"
          ]
        }
      ]
    },
    {
      "module": "module.vpc",
      "mode": "managed",
      "type": "aws_route_table",
      "name": "public",
      "provider": "provider[\"registry.terraform.io/hashicorp/aws\"]",
      "instances": [
        {
          "index_key": 0,
          "schema_version": 0,
          "attributes": {
            "arn": "arn:aws:ec2:ap-south-1:330190193859:route-table/rtb-0d240c924ebbfa761",
            "id": "rtb-0d240c924ebbfa761",
            "owner_id": "330190193859",
            "propagating_vgws": [],
            "route": [],
            "tags": {
              "Name": "test-ekstest-public",
              "environment": "test"
            },
            "tags_all": {
              "Name": "test-ekstest-public",
              "environment": "test"
            },
            "timeouts": null,
            "vpc_id": "vpc-0135646670c9daaec"
          },
          "sensitive_attributes": [],
          "private": "eyJlMmJmYjczMC1lY2FhLTExZTYtOGY4OC0zNDM2M2JjN2M0YzAiOnsiY3JlYXRlIjozMDAwMDAwMDAwMDAsImRlbGV0ZSI6MzAwMDAwMDAwMDAwLCJ1cGRhdGUiOjEyMDAwMDAwMDAwMH19",
          "dependencies": [
            "module.vpc.aws_vpc.this",
            "module.vpc.aws_vpc_ipv4_cidr_block_association.this"
          ]
        }
      ]
    },
    {
      "module": "module.vpc",
      "mode": "managed",
      "type": "aws_route_table_association",
      "name": "database",
      "provider": "provider[\"registry.terraform.io/hashicorp/aws\"]",
      "instances": [
        {
          "index_key": 0,
          "schema_version": 0,
          "attributes": {
            "gateway_id": "",
            "id": "rtbassoc-06ff41ea9e2d63ea5",
            "route_table_id": "rtb-0a02bc291da12aea4",
            "subnet_id": "subnet-0441ab1a1deaf159f"
          },
          "sensitive_attributes": [],
          "private": "bnVsbA==",
          "dependencies": [
            "data.aws_availability_zones.available",
            "module.vpc.aws_route_table.database",
            "module.vpc.aws_route_table.private",
            "module.vpc.aws_subnet.database",
            "module.vpc.aws_vpc.this",
            "module.vpc.aws_vpc_ipv4_cidr_block_association.this"
          ]
        },
        {
          "index_key": 1,
          "schema_version": 0,
          "attributes": {
            "gateway_id": "",
            "id": "rtbassoc-068de412652515823",
            "route_table_id": "rtb-0a02bc291da12aea4",
            "subnet_id": "subnet-0eaa32f8b88648e1e"
          },
          "sensitive_attributes": [],
          "private": "bnVsbA==",
          "dependencies": [
            "data.aws_availability_zones.available",
            "module.vpc.aws_route_table.database",
            "module.vpc.aws_route_table.private",
            "module.vpc.aws_subnet.database",
            "module.vpc.aws_vpc.this",
            "module.vpc.aws_vpc_ipv4_cidr_block_association.this"
          ]
        }
      ]
    },
    {
      "module": "module.vpc",
      "mode": "managed",
      "type": "aws_route_table_association",
      "name": "private",
      "provider": "provider[\"registry.terraform.io/hashicorp/aws\"]",
      "instances": [
        {
          "index_key": 0,
          "schema_version": 0,
          "attributes": {
            "gateway_id": "",
            "id": "rtbassoc-055f44f5e8fc12818",
            "route_table_id": "rtb-0a912e0173ef2567c",
            "subnet_id": "subnet-0ebb5044619290578"
          },
          "sensitive_attributes": [],
          "private": "bnVsbA==",
          "dependencies": [
            "data.aws_availability_zones.available",
            "module.vpc.aws_route_table.private",
            "module.vpc.aws_subnet.private",
            "module.vpc.aws_vpc.this",
            "module.vpc.aws_vpc_ipv4_cidr_block_association.this"
          ]
        },
        {
          "index_key": 1,
          "schema_version": 0,
          "attributes": {
            "gateway_id": "",
            "id": "rtbassoc-0eddaa79c06a42875",
            "route_table_id": "rtb-0a912e0173ef2567c",
            "subnet_id": "subnet-0dd0808cacc8bec5a"
          },
          "sensitive_attributes": [],
          "private": "bnVsbA==",
          "dependencies": [
            "data.aws_availability_zones.available",
            "module.vpc.aws_route_table.private",
            "module.vpc.aws_subnet.private",
            "module.vpc.aws_vpc.this",
            "module.vpc.aws_vpc_ipv4_cidr_block_association.this"
          ]
        }
      ]
    },
    {
      "module": "module.vpc",
      "mode": "managed",
      "type": "aws_route_table_association",
      "name": "public",
      "provider": "provider[\"registry.terraform.io/hashicorp/aws\"]",
      "instances": [
        {
          "index_key": 0,
          "schema_version": 0,
          "attributes": {
            "gateway_id": "",
            "id": "rtbassoc-0cba286a66b443e07",
            "route_table_id": "rtb-0d240c924ebbfa761",
            "subnet_id": "subnet-0d04def958b2c59b0"
          },
          "sensitive_attributes": [],
          "private": "bnVsbA==",
          "dependencies": [
            "data.aws_availability_zones.available",
            "module.vpc.aws_route_table.public",
            "module.vpc.aws_subnet.public",
            "module.vpc.aws_vpc.this",
            "module.vpc.aws_vpc_ipv4_cidr_block_association.this"
          ]
        },
        {
          "index_key": 1,
          "schema_version": 0,
          "attributes": {
            "gateway_id": "",
            "id": "rtbassoc-087bc9c4735fe4dde",
            "route_table_id": "rtb-0d240c924ebbfa761",
            "subnet_id": "subnet-0320063b0e8eb8175"
          },
          "sensitive_attributes": [],
          "private": "bnVsbA==",
          "dependencies": [
            "data.aws_availability_zones.available",
            "module.vpc.aws_route_table.public",
            "module.vpc.aws_subnet.public",
            "module.vpc.aws_vpc.this",
            "module.vpc.aws_vpc_ipv4_cidr_block_association.this"
          ]
        }
      ]
    },
    {
      "module": "module.vpc",
      "mode": "managed",
      "type": "aws_subnet",
      "name": "database",
      "provider": "provider[\"registry.terraform.io/hashicorp/aws\"]",
      "instances": [
        {
          "index_key": 0,
          "schema_version": 1,
          "attributes": {
            "arn": "arn:aws:ec2:ap-south-1:330190193859:subnet/subnet-0441ab1a1deaf159f",
            "assign_ipv6_address_on_creation": false,
            "availability_zone": "ap-south-1a",
            "availability_zone_id": "aps1-az1",
            "cidr_block": "10.0.151.0/24",
            "customer_owned_ipv4_pool": "",
            "enable_dns64": false,
            "enable_resource_name_dns_a_record_on_launch": false,
            "enable_resource_name_dns_aaaa_record_on_launch": false,
            "id": "subnet-0441ab1a1deaf159f",
            "ipv6_cidr_block": "",
            "ipv6_cidr_block_association_id": "",
            "ipv6_native": false,
            "map_customer_owned_ip_on_launch": false,
            "map_public_ip_on_launch": false,
            "outpost_arn": "",
            "owner_id": "330190193859",
            "private_dns_hostname_type_on_launch": "ip-name",
            "tags": {
              "Name": "test-ekstest-db-ap-south-1a",
              "Type": "database-subnets",
              "environment": "test"
            },
            "tags_all": {
              "Name": "test-ekstest-db-ap-south-1a",
              "Type": "database-subnets",
              "environment": "test"
            },
            "timeouts": null,
            "vpc_id": "vpc-0135646670c9daaec"
          },
          "sensitive_attributes": [],
          "private": "eyJlMmJmYjczMC1lY2FhLTExZTYtOGY4OC0zNDM2M2JjN2M0YzAiOnsiY3JlYXRlIjo2MDAwMDAwMDAwMDAsImRlbGV0ZSI6MTIwMDAwMDAwMDAwMH0sInNjaGVtYV92ZXJzaW9uIjoiMSJ9",
          "dependencies": [
            "data.aws_availability_zones.available",
            "module.vpc.aws_vpc.this",
            "module.vpc.aws_vpc_ipv4_cidr_block_association.this"
          ]
        },
        {
          "index_key": 1,
          "schema_version": 1,
          "attributes": {
            "arn": "arn:aws:ec2:ap-south-1:330190193859:subnet/subnet-0eaa32f8b88648e1e",
            "assign_ipv6_address_on_creation": false,
            "availability_zone": "ap-south-1b",
            "availability_zone_id": "aps1-az3",
            "cidr_block": "10.0.152.0/24",
            "customer_owned_ipv4_pool": "",
            "enable_dns64": false,
            "enable_resource_name_dns_a_record_on_launch": false,
            "enable_resource_name_dns_aaaa_record_on_launch": false,
            "id": "subnet-0eaa32f8b88648e1e",
            "ipv6_cidr_block": "",
            "ipv6_cidr_block_association_id": "",
            "ipv6_native": false,
            "map_customer_owned_ip_on_launch": false,
            "map_public_ip_on_launch": false,
            "outpost_arn": "",
            "owner_id": "330190193859",
            "private_dns_hostname_type_on_launch": "ip-name",
            "tags": {
              "Name": "test-ekstest-db-ap-south-1b",
              "Type": "database-subnets",
              "environment": "test"
            },
            "tags_all": {
              "Name": "test-ekstest-db-ap-south-1b",
              "Type": "database-subnets",
              "environment": "test"
            },
            "timeouts": null,
            "vpc_id": "vpc-0135646670c9daaec"
          },
          "sensitive_attributes": [],
          "private": "eyJlMmJmYjczMC1lY2FhLTExZTYtOGY4OC0zNDM2M2JjN2M0YzAiOnsiY3JlYXRlIjo2MDAwMDAwMDAwMDAsImRlbGV0ZSI6MTIwMDAwMDAwMDAwMH0sInNjaGVtYV92ZXJzaW9uIjoiMSJ9",
          "dependencies": [
            "data.aws_availability_zones.available",
            "module.vpc.aws_vpc.this",
            "module.vpc.aws_vpc_ipv4_cidr_block_association.this"
          ]
        }
      ]
    },
    {
      "module": "module.vpc",
      "mode": "managed",
      "type": "aws_subnet",
      "name": "private",
      "provider": "provider[\"registry.terraform.io/hashicorp/aws\"]",
      "instances": [
        {
          "index_key": 0,
          "schema_version": 1,
          "attributes": {
            "arn": "arn:aws:ec2:ap-south-1:330190193859:subnet/subnet-0ebb5044619290578",
            "assign_ipv6_address_on_creation": false,
            "availability_zone": "ap-south-1a",
            "availability_zone_id": "aps1-az1",
            "cidr_block": "10.0.1.0/24",
            "customer_owned_ipv4_pool": "",
            "enable_dns64": false,
            "enable_resource_name_dns_a_record_on_launch": false,
            "enable_resource_name_dns_aaaa_record_on_launch": false,
            "id": "subnet-0ebb5044619290578",
            "ipv6_cidr_block": "",
            "ipv6_cidr_block_association_id": "",
            "ipv6_native": false,
            "map_customer_owned_ip_on_launch": false,
            "map_public_ip_on_launch": false,
            "outpost_arn": "",
            "owner_id": "330190193859",
            "private_dns_hostname_type_on_launch": "ip-name",
            "tags": {
              "Name": "test-ekstest-private-ap-south-1a",
              "Type": "private-subnets",
              "environment": "test",
              "kubernetes.io/cluster/test-ekstest": "shared",
              "kubernetes.io/role/internal-elb": "1"
            },
            "tags_all": {
              "Name": "test-ekstest-private-ap-south-1a",
              "Type": "private-subnets",
              "environment": "test",
              "kubernetes.io/cluster/test-ekstest": "shared",
              "kubernetes.io/role/internal-elb": "1"
            },
            "timeouts": null,
            "vpc_id": "vpc-0135646670c9daaec"
          },
          "sensitive_attributes": [],
          "private": "eyJlMmJmYjczMC1lY2FhLTExZTYtOGY4OC0zNDM2M2JjN2M0YzAiOnsiY3JlYXRlIjo2MDAwMDAwMDAwMDAsImRlbGV0ZSI6MTIwMDAwMDAwMDAwMH0sInNjaGVtYV92ZXJzaW9uIjoiMSJ9",
          "dependencies": [
            "data.aws_availability_zones.available",
            "module.vpc.aws_vpc.this",
            "module.vpc.aws_vpc_ipv4_cidr_block_association.this"
          ]
        },
        {
          "index_key": 1,
          "schema_version": 1,
          "attributes": {
            "arn": "arn:aws:ec2:ap-south-1:330190193859:subnet/subnet-0dd0808cacc8bec5a",
            "assign_ipv6_address_on_creation": false,
            "availability_zone": "ap-south-1b",
            "availability_zone_id": "aps1-az3",
            "cidr_block": "10.0.2.0/24",
            "customer_owned_ipv4_pool": "",
            "enable_dns64": false,
            "enable_resource_name_dns_a_record_on_launch": false,
            "enable_resource_name_dns_aaaa_record_on_launch": false,
            "id": "subnet-0dd0808cacc8bec5a",
            "ipv6_cidr_block": "",
            "ipv6_cidr_block_association_id": "",
            "ipv6_native": false,
            "map_customer_owned_ip_on_launch": false,
            "map_public_ip_on_launch": false,
            "outpost_arn": "",
            "owner_id": "330190193859",
            "private_dns_hostname_type_on_launch": "ip-name",
            "tags": {
              "Name": "test-ekstest-private-ap-south-1b",
              "Type": "private-subnets",
              "environment": "test",
              "kubernetes.io/cluster/test-ekstest": "shared",
              "kubernetes.io/role/internal-elb": "1"
            },
            "tags_all": {
              "Name": "test-ekstest-private-ap-south-1b",
              "Type": "private-subnets",
              "environment": "test",
              "kubernetes.io/cluster/test-ekstest": "shared",
              "kubernetes.io/role/internal-elb": "1"
            },
            "timeouts": null,
            "vpc_id": "vpc-0135646670c9daaec"
          },
          "sensitive_attributes": [],
          "private": "eyJlMmJmYjczMC1lY2FhLTExZTYtOGY4OC0zNDM2M2JjN2M0YzAiOnsiY3JlYXRlIjo2MDAwMDAwMDAwMDAsImRlbGV0ZSI6MTIwMDAwMDAwMDAwMH0sInNjaGVtYV92ZXJzaW9uIjoiMSJ9",
          "dependencies": [
            "data.aws_availability_zones.available",
            "module.vpc.aws_vpc.this",
            "module.vpc.aws_vpc_ipv4_cidr_block_association.this"
          ]
        }
      ]
    },
    {
      "module": "module.vpc",
      "mode": "managed",
      "type": "aws_subnet",
      "name": "public",
      "provider": "provider[\"registry.terraform.io/hashicorp/aws\"]",
      "instances": [
        {
          "index_key": 0,
          "schema_version": 1,
          "attributes": {
            "arn": "arn:aws:ec2:ap-south-1:330190193859:subnet/subnet-0d04def958b2c59b0",
            "assign_ipv6_address_on_creation": false,
            "availability_zone": "ap-south-1a",
            "availability_zone_id": "aps1-az1",
            "cidr_block": "10.0.101.0/24",
            "customer_owned_ipv4_pool": "",
            "enable_dns64": false,
            "enable_resource_name_dns_a_record_on_launch": false,
            "enable_resource_name_dns_aaaa_record_on_launch": false,
            "id": "subnet-0d04def958b2c59b0",
            "ipv6_cidr_block": "",
            "ipv6_cidr_block_association_id": "",
            "ipv6_native": false,
            "map_customer_owned_ip_on_launch": false,
            "map_public_ip_on_launch": true,
            "outpost_arn": "",
            "owner_id": "330190193859",
            "private_dns_hostname_type_on_launch": "ip-name",
            "tags": {
              "Name": "test-ekstest-public-ap-south-1a",
              "Type": "Public Subnets",
              "environment": "test",
              "kubernetes.io/cluster/test-ekstest": "shared",
              "kubernetes.io/role/elb": "1"
            },
            "tags_all": {
              "Name": "test-ekstest-public-ap-south-1a",
              "Type": "Public Subnets",
              "environment": "test",
              "kubernetes.io/cluster/test-ekstest": "shared",
              "kubernetes.io/role/elb": "1"
            },
            "timeouts": null,
            "vpc_id": "vpc-0135646670c9daaec"
          },
          "sensitive_attributes": [],
          "private": "eyJlMmJmYjczMC1lY2FhLTExZTYtOGY4OC0zNDM2M2JjN2M0YzAiOnsiY3JlYXRlIjo2MDAwMDAwMDAwMDAsImRlbGV0ZSI6MTIwMDAwMDAwMDAwMH0sInNjaGVtYV92ZXJzaW9uIjoiMSJ9",
          "dependencies": [
            "data.aws_availability_zones.available",
            "module.vpc.aws_vpc.this",
            "module.vpc.aws_vpc_ipv4_cidr_block_association.this"
          ]
        },
        {
          "index_key": 1,
          "schema_version": 1,
          "attributes": {
            "arn": "arn:aws:ec2:ap-south-1:330190193859:subnet/subnet-0320063b0e8eb8175",
            "assign_ipv6_address_on_creation": false,
            "availability_zone": "ap-south-1b",
            "availability_zone_id": "aps1-az3",
            "cidr_block": "10.0.102.0/24",
            "customer_owned_ipv4_pool": "",
            "enable_dns64": false,
            "enable_resource_name_dns_a_record_on_launch": false,
            "enable_resource_name_dns_aaaa_record_on_launch": false,
            "id": "subnet-0320063b0e8eb8175",
            "ipv6_cidr_block": "",
            "ipv6_cidr_block_association_id": "",
            "ipv6_native": false,
            "map_customer_owned_ip_on_launch": false,
            "map_public_ip_on_launch": true,
            "outpost_arn": "",
            "owner_id": "330190193859",
            "private_dns_hostname_type_on_launch": "ip-name",
            "tags": {
              "Name": "test-ekstest-public-ap-south-1b",
              "Type": "Public Subnets",
              "environment": "test",
              "kubernetes.io/cluster/test-ekstest": "shared",
              "kubernetes.io/role/elb": "1"
            },
            "tags_all": {
              "Name": "test-ekstest-public-ap-south-1b",
              "Type": "Public Subnets",
              "environment": "test",
              "kubernetes.io/cluster/test-ekstest": "shared",
              "kubernetes.io/role/elb": "1"
            },
            "timeouts": null,
            "vpc_id": "vpc-0135646670c9daaec"
          },
          "sensitive_attributes": [],
          "private": "eyJlMmJmYjczMC1lY2FhLTExZTYtOGY4OC0zNDM2M2JjN2M0YzAiOnsiY3JlYXRlIjo2MDAwMDAwMDAwMDAsImRlbGV0ZSI6MTIwMDAwMDAwMDAwMH0sInNjaGVtYV92ZXJzaW9uIjoiMSJ9",
          "dependencies": [
            "data.aws_availability_zones.available",
            "module.vpc.aws_vpc.this",
            "module.vpc.aws_vpc_ipv4_cidr_block_association.this"
          ]
        }
      ]
    },
    {
      "module": "module.vpc",
      "mode": "managed",
      "type": "aws_vpc",
      "name": "this",
      "provider": "provider[\"registry.terraform.io/hashicorp/aws\"]",
      "instances": [
        {
          "index_key": 0,
          "schema_version": 1,
          "attributes": {
            "arn": "arn:aws:ec2:ap-south-1:330190193859:vpc/vpc-0135646670c9daaec",
            "assign_generated_ipv6_cidr_block": false,
            "cidr_block": "10.0.0.0/16",
            "default_network_acl_id": "acl-0ad8c54dad4dab5d0",
            "default_route_table_id": "rtb-0b751eff7094572b6",
            "default_security_group_id": "sg-0909a238977600cbf",
            "dhcp_options_id": "dopt-0113c82541858acc0",
            "enable_classiclink": false,
            "enable_classiclink_dns_support": false,
            "enable_dns_hostnames": true,
            "enable_dns_support": true,
            "enable_network_address_usage_metrics": false,
            "id": "vpc-0135646670c9daaec",
            "instance_tenancy": "default",
            "ipv4_ipam_pool_id": null,
            "ipv4_netmask_length": null,
            "ipv6_association_id": "",
            "ipv6_cidr_block": "",
            "ipv6_cidr_block_network_border_group": "",
            "ipv6_ipam_pool_id": "",
            "ipv6_netmask_length": 0,
            "main_route_table_id": "rtb-0b751eff7094572b6",
            "owner_id": "330190193859",
            "tags": {
              "Name": "test-ekstest",
              "environment": "test"
            },
            "tags_all": {
              "Name": "test-ekstest",
              "environment": "test"
            }
          },
          "sensitive_attributes": [],
          "private": "eyJzY2hlbWFfdmVyc2lvbiI6IjEifQ=="
        }
      ]
    }
  ],
  "check_results": null
}
